// !$*UTF8*$!
{
	archiveVersion = 1;
	classes = {
	};
	objectVersion = 46;
	objects = {

/* Begin PBXBuildFile section */
		4114CDFE1C8F353F00A6FEC3 /* ViewController.m in Sources */ = {isa = PBXBuildFile; fileRef = 4114CDFD1C8F353F00A6FEC3 /* ViewController.m */; };
		4114CE001C8F366600A6FEC3 /* LogoPrincipal.png in Resources */ = {isa = PBXBuildFile; fileRef = 4114CDFF1C8F366600A6FEC3 /* LogoPrincipal.png */; };
		4114CE0C1C8F47F000A6FEC3 /* salud.png in Resources */ = {isa = PBXBuildFile; fileRef = 4114CE061C8F47F000A6FEC3 /* salud.png */; };
		41169EC51C91DB5F0038FDDB /* nivel3gris.png in Resources */ = {isa = PBXBuildFile; fileRef = 41169EBA1C91DB5F0038FDDB /* nivel3gris.png */; };
		41169EC61C91DB5F0038FDDB /* nivel2-rosa.png in Resources */ = {isa = PBXBuildFile; fileRef = 41169EBB1C91DB5F0038FDDB /* nivel2-rosa.png */; };
		41169EC71C91DB5F0038FDDB /* nivel1-rosa.png in Resources */ = {isa = PBXBuildFile; fileRef = 41169EBC1C91DB5F0038FDDB /* nivel1-rosa.png */; };
		41169EC81C91DB5F0038FDDB /* nivel3-rosa.png in Resources */ = {isa = PBXBuildFile; fileRef = 41169EBD1C91DB5F0038FDDB /* nivel3-rosa.png */; };
		41169EC91C91DB5F0038FDDB /* nivel3.png in Resources */ = {isa = PBXBuildFile; fileRef = 41169EBE1C91DB5F0038FDDB /* nivel3.png */; };
		41169ECA1C91DB5F0038FDDB /* nivel2gris.png in Resources */ = {isa = PBXBuildFile; fileRef = 41169EBF1C91DB5F0038FDDB /* nivel2gris.png */; };
		41169ECB1C91DB5F0038FDDB /* nivel2.png in Resources */ = {isa = PBXBuildFile; fileRef = 41169EC01C91DB5F0038FDDB /* nivel2.png */; };
		41169ECC1C91DB5F0038FDDB /* nivel.png in Resources */ = {isa = PBXBuildFile; fileRef = 41169EC11C91DB5F0038FDDB /* nivel.png */; };
		41169ECD1C91DB5F0038FDDB /* vVacio.png in Resources */ = {isa = PBXBuildFile; fileRef = 41169EC21C91DB5F0038FDDB /* vVacio.png */; };
		41169ECE1C91DB5F0038FDDB /* vasoss.jpg in Resources */ = {isa = PBXBuildFile; fileRef = 41169EC31C91DB5F0038FDDB /* vasoss.jpg */; };
		41169ECF1C91DB5F0038FDDB /* vlleno.png in Resources */ = {isa = PBXBuildFile; fileRef = 41169EC41C91DB5F0038FDDB /* vlleno.png */; };
		41169ED41C9202040038FDDB /* nina.png in Resources */ = {isa = PBXBuildFile; fileRef = 41169ED31C9202040038FDDB /* nina.png */; };
		41169ED71C9202900038FDDB /* alarma.png in Resources */ = {isa = PBXBuildFile; fileRef = 41169ED61C9202900038FDDB /* alarma.png */; };
		41169ED91C9202C40038FDDB /* calendario.png in Resources */ = {isa = PBXBuildFile; fileRef = 41169ED81C9202C40038FDDB /* calendario.png */; };
		41169EDB1C9203750038FDDB /* configuracion.png in Resources */ = {isa = PBXBuildFile; fileRef = 41169EDA1C9203750038FDDB /* configuracion.png */; };
		41169EDD1C9203BE0038FDDB /* retos.png in Resources */ = {isa = PBXBuildFile; fileRef = 41169EDC1C9203BE0038FDDB /* retos.png */; };
		41169EDF1C92040E0038FDDB /* contador.png in Resources */ = {isa = PBXBuildFile; fileRef = 41169EDE1C92040E0038FDDB /* contador.png */; };
		41169EE11C920BF00038FDDB /* retos.png in Resources */ = {isa = PBXBuildFile; fileRef = 41169EE01C920BF00038FDDB /* retos.png */; };
		4158AC101C8F525C0021FA62 /* AlarmaViewController.m in Sources */ = {isa = PBXBuildFile; fileRef = 4158AC0F1C8F525C0021FA62 /* AlarmaViewController.m */; };
		415B577F1C8F83D500BC6558 /* CronoTableViewController.m in Sources */ = {isa = PBXBuildFile; fileRef = 415B577E1C8F83D500BC6558 /* CronoTableViewController.m */; };
		416B09DA1C931ACF009FD48D /* rutina_galeria_000.png in Resources */ = {isa = PBXBuildFile; fileRef = 416B09D71C931ACF009FD48D /* rutina_galeria_000.png */; };
		416B09DB1C931ACF009FD48D /* rutina_galeria_001.png in Resources */ = {isa = PBXBuildFile; fileRef = 416B09D81C931ACF009FD48D /* rutina_galeria_001.png */; };
		416B09DC1C931ACF009FD48D /* rutina_galeria_002.png in Resources */ = {isa = PBXBuildFile; fileRef = 416B09D91C931ACF009FD48D /* rutina_galeria_002.png */; };
		416B09DF1C932422009FD48D /* SimpleTableViewController.m in Sources */ = {isa = PBXBuildFile; fileRef = 416B09DE1C932422009FD48D /* SimpleTableViewController.m */; };
		416B09F01C932431009FD48D /* ham_and_egg_sandwich.jpg in Resources */ = {isa = PBXBuildFile; fileRef = 416B09E01C932431009FD48D /* ham_and_egg_sandwich.jpg */; };
		416B09F11C932431009FD48D /* green_tea.jpg in Resources */ = {isa = PBXBuildFile; fileRef = 416B09E11C932431009FD48D /* green_tea.jpg */; };
		416B09F21C932431009FD48D /* full_breakfast.jpg in Resources */ = {isa = PBXBuildFile; fileRef = 416B09E21C932431009FD48D /* full_breakfast.jpg */; };
		416B09F31C932431009FD48D /* white_chocolate_donut.jpg in Resources */ = {isa = PBXBuildFile; fileRef = 416B09E31C932431009FD48D /* white_chocolate_donut.jpg */; };
		416B09F41C932431009FD48D /* noodle_with_bbq_pork.jpg in Resources */ = {isa = PBXBuildFile; fileRef = 416B09E41C932431009FD48D /* noodle_with_bbq_pork.jpg */; };
		416B09F51C932431009FD48D /* instant_noodle_with_egg.jpg in Resources */ = {isa = PBXBuildFile; fileRef = 416B09E51C932431009FD48D /* instant_noodle_with_egg.jpg */; };
		416B09F61C932431009FD48D /* thai_shrimp_cake.jpg in Resources */ = {isa = PBXBuildFile; fileRef = 416B09E61C932431009FD48D /* thai_shrimp_cake.jpg */; };
		416B09F71C932431009FD48D /* angry_birds_cake.jpg in Resources */ = {isa = PBXBuildFile; fileRef = 416B09E71C932431009FD48D /* angry_birds_cake.jpg */; };
		416B09F81C932431009FD48D /* mushroom_risotto.jpg in Resources */ = {isa = PBXBuildFile; fileRef = 416B09E81C932431009FD48D /* mushroom_risotto.jpg */; };
		416B09F91C932431009FD48D /* vegetable_curry.jpg in Resources */ = {isa = PBXBuildFile; fileRef = 416B09E91C932431009FD48D /* vegetable_curry.jpg */; };
		416B09FA1C932431009FD48D /* japanese_noodle_with_pork.jpg in Resources */ = {isa = PBXBuildFile; fileRef = 416B09EA1C932431009FD48D /* japanese_noodle_with_pork.jpg */; };
		416B09FB1C932431009FD48D /* starbucks_coffee.jpg in Resources */ = {isa = PBXBuildFile; fileRef = 416B09EB1C932431009FD48D /* starbucks_coffee.jpg */; };
		416B09FC1C932431009FD48D /* egg_benedict.jpg in Resources */ = {isa = PBXBuildFile; fileRef = 416B09EC1C932431009FD48D /* egg_benedict.jpg */; };
		416B09FD1C932431009FD48D /* ham_and_cheese_panini.jpg in Resources */ = {isa = PBXBuildFile; fileRef = 416B09ED1C932431009FD48D /* ham_and_cheese_panini.jpg */; };
		416B09FE1C932431009FD48D /* hamburger.jpg in Resources */ = {isa = PBXBuildFile; fileRef = 416B09EE1C932431009FD48D /* hamburger.jpg */; };
		416B09FF1C932431009FD48D /* creme_brelee.jpg in Resources */ = {isa = PBXBuildFile; fileRef = 416B09EF1C932431009FD48D /* creme_brelee.jpg */; };
		416B0A011C9329FD009FD48D /* recipes.plist in Resources */ = {isa = PBXBuildFile; fileRef = 416B0A001C9329FD009FD48D /* recipes.plist */; };
		416B0A041C934E81009FD48D /* DetalleGaleriaViewController.xib in Resources */ = {isa = PBXBuildFile; fileRef = 416B0A031C934E81009FD48D /* DetalleGaleriaViewController.xib */; };
		416B0A071C934EDD009FD48D /* DetalleGaleriaViewController.m in Sources */ = {isa = PBXBuildFile; fileRef = 416B0A061C934EDD009FD48D /* DetalleGaleriaViewController.m */; };
		416B0A091C935127009FD48D /* max_galeria_001@2x.jpg in Resources */ = {isa = PBXBuildFile; fileRef = 416B0A081C935127009FD48D /* max_galeria_001@2x.jpg */; };
		416B0A0B1C936A00009FD48D /* 142195-640.png in Resources */ = {isa = PBXBuildFile; fileRef = 416B0A0A1C936A00009FD48D /* 142195-640.png */; };
		416B0A0D1C9376F8009FD48D /* HealthKit.framework in Frameworks */ = {isa = PBXBuildFile; fileRef = 416B0A0C1C9376F8009FD48D /* HealthKit.framework */; };
		4177E53E1C920093000A4191 /* IntroBold.otf in Resources */ = {isa = PBXBuildFile; fileRef = 4177E53A1C920093000A4191 /* IntroBold.otf */; };
		4177E53F1C920093000A4191 /* introbold.ttf in Resources */ = {isa = PBXBuildFile; fileRef = 4177E53B1C920093000A4191 /* introbold.ttf */; };
		4177E5401C920093000A4191 /* IntroBook.otf in Resources */ = {isa = PBXBuildFile; fileRef = 4177E53C1C920093000A4191 /* IntroBook.otf */; };
		4177E5461C9213A9000A4191 /* BackgroundLayer.m in Sources */ = {isa = PBXBuildFile; fileRef = 4177E5451C9213A9000A4191 /* BackgroundLayer.m */; };
		4177E5491C9229D2000A4191 /* APRoundButton.h in Sources */ = {isa = PBXBuildFile; fileRef = 4177E5471C9229D2000A4191 /* APRoundButton.h */; };
		4177E54A1C9229D2000A4191 /* APRoundButton.m in Sources */ = {isa = PBXBuildFile; fileRef = 4177E5481C9229D2000A4191 /* APRoundButton.m */; };
		41A8FDA11C9079A400F59FE7 /* bicicletacartel.png in Resources */ = {isa = PBXBuildFile; fileRef = 41A8FDA01C9079A400F59FE7 /* bicicletacartel.png */; };
		41A8FDA31C9079B200F59FE7 /* platolleno.png in Resources */ = {isa = PBXBuildFile; fileRef = 41A8FDA21C9079B200F59FE7 /* platolleno.png */; };
		41A8FDA51C9079BD00F59FE7 /* platolleno - copia.png in Resources */ = {isa = PBXBuildFile; fileRef = 41A8FDA41C9079BD00F59FE7 /* platolleno - copia.png */; };
		41A8FDA71C9079DD00F59FE7 /* man-cycling.png in Resources */ = {isa = PBXBuildFile; fileRef = 41A8FDA61C9079DD00F59FE7 /* man-cycling.png */; };
		41A8FDA91C9079FE00F59FE7 /* video.png in Resources */ = {isa = PBXBuildFile; fileRef = 41A8FDA81C9079FE00F59FE7 /* video.png */; };
		41A8FDAB1C907A1D00F59FE7 /* notifications.png in Resources */ = {isa = PBXBuildFile; fileRef = 41A8FDAA1C907A1D00F59FE7 /* notifications.png */; };
		41A8FDB01C907D0800F59FE7 /* ConfigurationViewController.m in Sources */ = {isa = PBXBuildFile; fileRef = 41A8FDAF1C907D0800F59FE7 /* ConfigurationViewController.m */; };
		41A8FDB21C908B8000F59FE7 /* plato.png in Resources */ = {isa = PBXBuildFile; fileRef = 41A8FDB11C908B8000F59FE7 /* plato.png */; };
		41A8FDB41C908FE500F59FE7 /* completado.png in Resources */ = {isa = PBXBuildFile; fileRef = 41A8FDB31C908FE500F59FE7 /* completado.png */; };
		41A8FDB61C909DD600F59FE7 /* Estrella.png in Resources */ = {isa = PBXBuildFile; fileRef = 41A8FDB51C909DD600F59FE7 /* Estrella.png */; };
		41A8FDB81C90C93200F59FE7 /* vasoss.jpg in Resources */ = {isa = PBXBuildFile; fileRef = 41A8FDB71C90C93200F59FE7 /* vasoss.jpg */; };
		41A8FDBA1C90CAC900F59FE7 /* vlleno.png in Resources */ = {isa = PBXBuildFile; fileRef = 41A8FDB91C90CAC900F59FE7 /* vlleno.png */; };
		41A8FDBC1C90CAD000F59FE7 /* vVacio.png in Resources */ = {isa = PBXBuildFile; fileRef = 41A8FDBB1C90CAD000F59FE7 /* vVacio.png */; };
		41A8FDC61C90D36100F59FE7 /* nivel3gris.png in Resources */ = {isa = PBXBuildFile; fileRef = 41A8FDBE1C90D36100F59FE7 /* nivel3gris.png */; };
		41A8FDC71C90D36100F59FE7 /* nivel2-rosa.png in Resources */ = {isa = PBXBuildFile; fileRef = 41A8FDBF1C90D36100F59FE7 /* nivel2-rosa.png */; };
		41A8FDC81C90D36100F59FE7 /* nivel1-rosa.png in Resources */ = {isa = PBXBuildFile; fileRef = 41A8FDC01C90D36100F59FE7 /* nivel1-rosa.png */; };
		41A8FDC91C90D36100F59FE7 /* nivel3-rosa.png in Resources */ = {isa = PBXBuildFile; fileRef = 41A8FDC11C90D36100F59FE7 /* nivel3-rosa.png */; };
		41A8FDCA1C90D36100F59FE7 /* nivel3.png in Resources */ = {isa = PBXBuildFile; fileRef = 41A8FDC21C90D36100F59FE7 /* nivel3.png */; };
		41A8FDCB1C90D36100F59FE7 /* nivel2gris.png in Resources */ = {isa = PBXBuildFile; fileRef = 41A8FDC31C90D36100F59FE7 /* nivel2gris.png */; };
		41A8FDCC1C90D36100F59FE7 /* nivel2.png in Resources */ = {isa = PBXBuildFile; fileRef = 41A8FDC41C90D36100F59FE7 /* nivel2.png */; };
		41A8FDCD1C90D36100F59FE7 /* nivel.png in Resources */ = {isa = PBXBuildFile; fileRef = 41A8FDC51C90D36100F59FE7 /* nivel.png */; };
		41B788ED1C8F349F001F6E4F /* LogoPrincipal.png in Resources */ = {isa = PBXBuildFile; fileRef = 41B788EC1C8F349F001F6E4F /* LogoPrincipal.png */; };
		41FE66551C8E4F390052A48E /* main.m in Sources */ = {isa = PBXBuildFile; fileRef = 41FE66541C8E4F390052A48E /* main.m */; };
		41FE66581C8E4F390052A48E /* AppDelegate.m in Sources */ = {isa = PBXBuildFile; fileRef = 41FE66571C8E4F390052A48E /* AppDelegate.m */; };
		41FE665E1C8E4F390052A48E /* Main.storyboard in Resources */ = {isa = PBXBuildFile; fileRef = 41FE665C1C8E4F390052A48E /* Main.storyboard */; };
		41FE66601C8E4F390052A48E /* Assets.xcassets in Resources */ = {isa = PBXBuildFile; fileRef = 41FE665F1C8E4F390052A48E /* Assets.xcassets */; };
		41FE66631C8E4F390052A48E /* LaunchScreen.storyboard in Resources */ = {isa = PBXBuildFile; fileRef = 41FE66611C8E4F390052A48E /* LaunchScreen.storyboard */; };
		41FE666E1C8E4F390052A48E /* CODEPROYECTO2016Tests.m in Sources */ = {isa = PBXBuildFile; fileRef = 41FE666D1C8E4F390052A48E /* CODEPROYECTO2016Tests.m */; };
		41FE66791C8E4F390052A48E /* CODEPROYECTO2016UITests.m in Sources */ = {isa = PBXBuildFile; fileRef = 41FE66781C8E4F390052A48E /* CODEPROYECTO2016UITests.m */; };
		522082F61C8F92B60080F816 /* boy-512.png in Resources */ = {isa = PBXBuildFile; fileRef = 522082F51C8F92B60080F816 /* boy-512.png */; };
		522082F81C90CBF50080F816 /* bascula.png in Resources */ = {isa = PBXBuildFile; fileRef = 522082F71C90CBF50080F816 /* bascula.png */; };
		522082FA1C90E4590080F816 /* EventKitUI.framework in Frameworks */ = {isa = PBXBuildFile; fileRef = 522082F91C90E4590080F816 /* EventKitUI.framework */; };
/* End PBXBuildFile section */

/* Begin PBXContainerItemProxy section */
		41FE666A1C8E4F390052A48E /* PBXContainerItemProxy */ = {
			isa = PBXContainerItemProxy;
			containerPortal = 41FE66481C8E4F390052A48E /* Project object */;
			proxyType = 1;
			remoteGlobalIDString = 41FE664F1C8E4F390052A48E;
			remoteInfo = CODEPROYECTO2016;
		};
		41FE66751C8E4F390052A48E /* PBXContainerItemProxy */ = {
			isa = PBXContainerItemProxy;
			containerPortal = 41FE66481C8E4F390052A48E /* Project object */;
			proxyType = 1;
			remoteGlobalIDString = 41FE664F1C8E4F390052A48E;
			remoteInfo = CODEPROYECTO2016;
		};
/* End PBXContainerItemProxy section */

/* Begin PBXFileReference section */
		4114CDFC1C8F353F00A6FEC3 /* ViewController.h */ = {isa = PBXFileReference; fileEncoding = 4; lastKnownFileType = sourcecode.c.h; path = ViewController.h; sourceTree = "<group>"; };
		4114CDFD1C8F353F00A6FEC3 /* ViewController.m */ = {isa = PBXFileReference; fileEncoding = 4; lastKnownFileType = sourcecode.c.objc; path = ViewController.m; sourceTree = "<group>"; };
		4114CDFF1C8F366600A6FEC3 /* LogoPrincipal.png */ = {isa = PBXFileReference; lastKnownFileType = image.png; path = LogoPrincipal.png; sourceTree = "<group>"; };
		4114CE061C8F47F000A6FEC3 /* salud.png */ = {isa = PBXFileReference; lastKnownFileType = image.png; path = salud.png; sourceTree = "<group>"; };
		41169EBA1C91DB5F0038FDDB /* nivel3gris.png */ = {isa = PBXFileReference; lastKnownFileType = image.png; path = nivel3gris.png; sourceTree = "<group>"; };
		41169EBB1C91DB5F0038FDDB /* nivel2-rosa.png */ = {isa = PBXFileReference; lastKnownFileType = image.png; path = "nivel2-rosa.png"; sourceTree = "<group>"; };
		41169EBC1C91DB5F0038FDDB /* nivel1-rosa.png */ = {isa = PBXFileReference; lastKnownFileType = image.png; path = "nivel1-rosa.png"; sourceTree = "<group>"; };
		41169EBD1C91DB5F0038FDDB /* nivel3-rosa.png */ = {isa = PBXFileReference; lastKnownFileType = image.png; path = "nivel3-rosa.png"; sourceTree = "<group>"; };
		41169EBE1C91DB5F0038FDDB /* nivel3.png */ = {isa = PBXFileReference; lastKnownFileType = image.png; path = nivel3.png; sourceTree = "<group>"; };
		41169EBF1C91DB5F0038FDDB /* nivel2gris.png */ = {isa = PBXFileReference; lastKnownFileType = image.png; path = nivel2gris.png; sourceTree = "<group>"; };
		41169EC01C91DB5F0038FDDB /* nivel2.png */ = {isa = PBXFileReference; lastKnownFileType = image.png; path = nivel2.png; sourceTree = "<group>"; };
		41169EC11C91DB5F0038FDDB /* nivel.png */ = {isa = PBXFileReference; lastKnownFileType = image.png; path = nivel.png; sourceTree = "<group>"; };
		41169EC21C91DB5F0038FDDB /* vVacio.png */ = {isa = PBXFileReference; lastKnownFileType = image.png; path = vVacio.png; sourceTree = "<group>"; };
		41169EC31C91DB5F0038FDDB /* vasoss.jpg */ = {isa = PBXFileReference; lastKnownFileType = image.jpeg; path = vasoss.jpg; sourceTree = "<group>"; };
		41169EC41C91DB5F0038FDDB /* vlleno.png */ = {isa = PBXFileReference; lastKnownFileType = image.png; path = vlleno.png; sourceTree = "<group>"; };
		41169ED31C9202040038FDDB /* nina.png */ = {isa = PBXFileReference; lastKnownFileType = image.png; path = nina.png; sourceTree = "<group>"; };
		41169ED61C9202900038FDDB /* alarma.png */ = {isa = PBXFileReference; lastKnownFileType = image.png; path = alarma.png; sourceTree = "<group>"; };
		41169ED81C9202C40038FDDB /* calendario.png */ = {isa = PBXFileReference; lastKnownFileType = image.png; path = calendario.png; sourceTree = "<group>"; };
		41169EDA1C9203750038FDDB /* configuracion.png */ = {isa = PBXFileReference; lastKnownFileType = image.png; path = configuracion.png; sourceTree = "<group>"; };
		41169EDC1C9203BE0038FDDB /* retos.png */ = {isa = PBXFileReference; lastKnownFileType = image.png; path = retos.png; sourceTree = "<group>"; };
		41169EDE1C92040E0038FDDB /* contador.png */ = {isa = PBXFileReference; lastKnownFileType = image.png; path = contador.png; sourceTree = "<group>"; };
		41169EE01C920BF00038FDDB /* retos.png */ = {isa = PBXFileReference; lastKnownFileType = image.png; path = retos.png; sourceTree = "<group>"; };
		4158AC0E1C8F525C0021FA62 /* AlarmaViewController.h */ = {isa = PBXFileReference; fileEncoding = 4; lastKnownFileType = sourcecode.c.h; path = AlarmaViewController.h; sourceTree = "<group>"; };
		4158AC0F1C8F525C0021FA62 /* AlarmaViewController.m */ = {isa = PBXFileReference; fileEncoding = 4; lastKnownFileType = sourcecode.c.objc; path = AlarmaViewController.m; sourceTree = "<group>"; };
		415B577D1C8F83D500BC6558 /* CronoTableViewController.h */ = {isa = PBXFileReference; fileEncoding = 4; lastKnownFileType = sourcecode.c.h; path = CronoTableViewController.h; sourceTree = "<group>"; };
		415B577E1C8F83D500BC6558 /* CronoTableViewController.m */ = {isa = PBXFileReference; fileEncoding = 4; lastKnownFileType = sourcecode.c.objc; path = CronoTableViewController.m; sourceTree = "<group>"; };
		416B09D71C931ACF009FD48D /* rutina_galeria_000.png */ = {isa = PBXFileReference; lastKnownFileType = image.png; path = rutina_galeria_000.png; sourceTree = "<group>"; };
		416B09D81C931ACF009FD48D /* rutina_galeria_001.png */ = {isa = PBXFileReference; lastKnownFileType = image.png; path = rutina_galeria_001.png; sourceTree = "<group>"; };
		416B09D91C931ACF009FD48D /* rutina_galeria_002.png */ = {isa = PBXFileReference; lastKnownFileType = image.png; path = rutina_galeria_002.png; sourceTree = "<group>"; };
		416B09DD1C932422009FD48D /* SimpleTableViewController.h */ = {isa = PBXFileReference; fileEncoding = 4; lastKnownFileType = sourcecode.c.h; path = SimpleTableViewController.h; sourceTree = "<group>"; };
		416B09DE1C932422009FD48D /* SimpleTableViewController.m */ = {isa = PBXFileReference; fileEncoding = 4; lastKnownFileType = sourcecode.c.objc; path = SimpleTableViewController.m; sourceTree = "<group>"; };
		416B09E01C932431009FD48D /* ham_and_egg_sandwich.jpg */ = {isa = PBXFileReference; lastKnownFileType = image.jpeg; path = ham_and_egg_sandwich.jpg; sourceTree = "<group>"; };
		416B09E11C932431009FD48D /* green_tea.jpg */ = {isa = PBXFileReference; lastKnownFileType = image.jpeg; path = green_tea.jpg; sourceTree = "<group>"; };
		416B09E21C932431009FD48D /* full_breakfast.jpg */ = {isa = PBXFileReference; lastKnownFileType = image.jpeg; path = full_breakfast.jpg; sourceTree = "<group>"; };
		416B09E31C932431009FD48D /* white_chocolate_donut.jpg */ = {isa = PBXFileReference; lastKnownFileType = image.jpeg; path = white_chocolate_donut.jpg; sourceTree = "<group>"; };
		416B09E41C932431009FD48D /* noodle_with_bbq_pork.jpg */ = {isa = PBXFileReference; lastKnownFileType = image.jpeg; path = noodle_with_bbq_pork.jpg; sourceTree = "<group>"; };
		416B09E51C932431009FD48D /* instant_noodle_with_egg.jpg */ = {isa = PBXFileReference; lastKnownFileType = image.jpeg; path = instant_noodle_with_egg.jpg; sourceTree = "<group>"; };
		416B09E61C932431009FD48D /* thai_shrimp_cake.jpg */ = {isa = PBXFileReference; lastKnownFileType = image.jpeg; path = thai_shrimp_cake.jpg; sourceTree = "<group>"; };
		416B09E71C932431009FD48D /* angry_birds_cake.jpg */ = {isa = PBXFileReference; lastKnownFileType = image.jpeg; path = angry_birds_cake.jpg; sourceTree = "<group>"; };
		416B09E81C932431009FD48D /* mushroom_risotto.jpg */ = {isa = PBXFileReference; lastKnownFileType = image.jpeg; path = mushroom_risotto.jpg; sourceTree = "<group>"; };
		416B09E91C932431009FD48D /* vegetable_curry.jpg */ = {isa = PBXFileReference; lastKnownFileType = image.jpeg; path = vegetable_curry.jpg; sourceTree = "<group>"; };
		416B09EA1C932431009FD48D /* japanese_noodle_with_pork.jpg */ = {isa = PBXFileReference; lastKnownFileType = image.jpeg; path = japanese_noodle_with_pork.jpg; sourceTree = "<group>"; };
		416B09EB1C932431009FD48D /* starbucks_coffee.jpg */ = {isa = PBXFileReference; lastKnownFileType = image.jpeg; path = starbucks_coffee.jpg; sourceTree = "<group>"; };
		416B09EC1C932431009FD48D /* egg_benedict.jpg */ = {isa = PBXFileReference; lastKnownFileType = image.jpeg; path = egg_benedict.jpg; sourceTree = "<group>"; };
		416B09ED1C932431009FD48D /* ham_and_cheese_panini.jpg */ = {isa = PBXFileReference; lastKnownFileType = image.jpeg; path = ham_and_cheese_panini.jpg; sourceTree = "<group>"; };
		416B09EE1C932431009FD48D /* hamburger.jpg */ = {isa = PBXFileReference; lastKnownFileType = image.jpeg; path = hamburger.jpg; sourceTree = "<group>"; };
		416B09EF1C932431009FD48D /* creme_brelee.jpg */ = {isa = PBXFileReference; lastKnownFileType = image.jpeg; path = creme_brelee.jpg; sourceTree = "<group>"; };
		416B0A001C9329FD009FD48D /* recipes.plist */ = {isa = PBXFileReference; fileEncoding = 4; lastKnownFileType = text.plist.xml; path = recipes.plist; sourceTree = "<group>"; };
		416B0A021C932BE1009FD48D /* recipes.plist */ = {isa = PBXFileReference; lastKnownFileType = text.plist.xml; name = recipes.plist; path = CODEPROYECTO2016/recipes.plist; sourceTree = "<group>"; };
		416B0A031C934E81009FD48D /* DetalleGaleriaViewController.xib */ = {isa = PBXFileReference; fileEncoding = 4; lastKnownFileType = file.xib; path = DetalleGaleriaViewController.xib; sourceTree = "<group>"; };
		416B0A051C934EDD009FD48D /* DetalleGaleriaViewController.h */ = {isa = PBXFileReference; fileEncoding = 4; lastKnownFileType = sourcecode.c.h; path = DetalleGaleriaViewController.h; sourceTree = "<group>"; };
		416B0A061C934EDD009FD48D /* DetalleGaleriaViewController.m */ = {isa = PBXFileReference; fileEncoding = 4; lastKnownFileType = sourcecode.c.objc; path = DetalleGaleriaViewController.m; sourceTree = "<group>"; };
		416B0A081C935127009FD48D /* max_galeria_001@2x.jpg */ = {isa = PBXFileReference; lastKnownFileType = image.jpeg; path = "max_galeria_001@2x.jpg"; sourceTree = "<group>"; };
		416B0A0A1C936A00009FD48D /* 142195-640.png */ = {isa = PBXFileReference; lastKnownFileType = image.png; path = "142195-640.png"; sourceTree = "<group>"; };
		416B0A0C1C9376F8009FD48D /* HealthKit.framework */ = {isa = PBXFileReference; lastKnownFileType = wrapper.framework; name = HealthKit.framework; path = System/Library/Frameworks/HealthKit.framework; sourceTree = SDKROOT; };
		416B0A0E1C9376F8009FD48D /* CODEPROYECTO2016.entitlements */ = {isa = PBXFileReference; lastKnownFileType = text.xml; path = CODEPROYECTO2016.entitlements; sourceTree = "<group>"; };
		4177E53A1C920093000A4191 /* IntroBold.otf */ = {isa = PBXFileReference; lastKnownFileType = file; path = IntroBold.otf; sourceTree = "<group>"; };
		4177E53B1C920093000A4191 /* introbold.ttf */ = {isa = PBXFileReference; lastKnownFileType = file; path = introbold.ttf; sourceTree = "<group>"; };
		4177E53C1C920093000A4191 /* IntroBook.otf */ = {isa = PBXFileReference; lastKnownFileType = file; path = IntroBook.otf; sourceTree = "<group>"; };
		4177E5441C9213A9000A4191 /* BackgroundLayer.h */ = {isa = PBXFileReference; fileEncoding = 4; lastKnownFileType = sourcecode.c.h; path = BackgroundLayer.h; sourceTree = "<group>"; };
		4177E5451C9213A9000A4191 /* BackgroundLayer.m */ = {isa = PBXFileReference; fileEncoding = 4; lastKnownFileType = sourcecode.c.objc; path = BackgroundLayer.m; sourceTree = "<group>"; };
		4177E5471C9229D2000A4191 /* APRoundButton.h */ = {isa = PBXFileReference; lastKnownFileType = sourcecode.c.h; path = APRoundButton.h; sourceTree = "<group>"; };
		4177E5481C9229D2000A4191 /* APRoundButton.m */ = {isa = PBXFileReference; lastKnownFileType = sourcecode.c.objc; path = APRoundButton.m; sourceTree = "<group>"; };
		41A8FDA01C9079A400F59FE7 /* bicicletacartel.png */ = {isa = PBXFileReference; lastKnownFileType = image.png; path = bicicletacartel.png; sourceTree = "<group>"; };
		41A8FDA21C9079B200F59FE7 /* platolleno.png */ = {isa = PBXFileReference; lastKnownFileType = image.png; path = platolleno.png; sourceTree = "<group>"; };
		41A8FDA41C9079BD00F59FE7 /* platolleno - copia.png */ = {isa = PBXFileReference; lastKnownFileType = image.png; path = "platolleno - copia.png"; sourceTree = "<group>"; };
		41A8FDA61C9079DD00F59FE7 /* man-cycling.png */ = {isa = PBXFileReference; lastKnownFileType = image.png; path = "man-cycling.png"; sourceTree = "<group>"; };
		41A8FDA81C9079FE00F59FE7 /* video.png */ = {isa = PBXFileReference; lastKnownFileType = image.png; path = video.png; sourceTree = "<group>"; };
		41A8FDAA1C907A1D00F59FE7 /* notifications.png */ = {isa = PBXFileReference; lastKnownFileType = image.png; path = notifications.png; sourceTree = "<group>"; };
		41A8FDAE1C907CF500F59FE7 /* ConfigurationViewController.h */ = {isa = PBXFileReference; lastKnownFileType = sourcecode.c.h; path = ConfigurationViewController.h; sourceTree = "<group>"; };
		41A8FDAF1C907D0800F59FE7 /* ConfigurationViewController.m */ = {isa = PBXFileReference; fileEncoding = 4; lastKnownFileType = sourcecode.c.objc; path = ConfigurationViewController.m; sourceTree = "<group>"; };
		41A8FDB11C908B8000F59FE7 /* plato.png */ = {isa = PBXFileReference; lastKnownFileType = image.png; path = plato.png; sourceTree = "<group>"; };
		41A8FDB31C908FE500F59FE7 /* completado.png */ = {isa = PBXFileReference; lastKnownFileType = image.png; path = completado.png; sourceTree = "<group>"; };
		41A8FDB51C909DD600F59FE7 /* Estrella.png */ = {isa = PBXFileReference; lastKnownFileType = image.png; path = Estrella.png; sourceTree = "<group>"; };
		41A8FDB71C90C93200F59FE7 /* vasoss.jpg */ = {isa = PBXFileReference; lastKnownFileType = image.jpeg; path = vasoss.jpg; sourceTree = "<group>"; };
		41A8FDB91C90CAC900F59FE7 /* vlleno.png */ = {isa = PBXFileReference; lastKnownFileType = image.png; path = vlleno.png; sourceTree = "<group>"; };
		41A8FDBB1C90CAD000F59FE7 /* vVacio.png */ = {isa = PBXFileReference; lastKnownFileType = image.png; path = vVacio.png; sourceTree = "<group>"; };
		41A8FDBE1C90D36100F59FE7 /* nivel3gris.png */ = {isa = PBXFileReference; lastKnownFileType = image.png; path = nivel3gris.png; sourceTree = "<group>"; };
		41A8FDBF1C90D36100F59FE7 /* nivel2-rosa.png */ = {isa = PBXFileReference; lastKnownFileType = image.png; path = "nivel2-rosa.png"; sourceTree = "<group>"; };
		41A8FDC01C90D36100F59FE7 /* nivel1-rosa.png */ = {isa = PBXFileReference; lastKnownFileType = image.png; path = "nivel1-rosa.png"; sourceTree = "<group>"; };
		41A8FDC11C90D36100F59FE7 /* nivel3-rosa.png */ = {isa = PBXFileReference; lastKnownFileType = image.png; path = "nivel3-rosa.png"; sourceTree = "<group>"; };
		41A8FDC21C90D36100F59FE7 /* nivel3.png */ = {isa = PBXFileReference; lastKnownFileType = image.png; path = nivel3.png; sourceTree = "<group>"; };
		41A8FDC31C90D36100F59FE7 /* nivel2gris.png */ = {isa = PBXFileReference; lastKnownFileType = image.png; path = nivel2gris.png; sourceTree = "<group>"; };
		41A8FDC41C90D36100F59FE7 /* nivel2.png */ = {isa = PBXFileReference; lastKnownFileType = image.png; path = nivel2.png; sourceTree = "<group>"; };
		41A8FDC51C90D36100F59FE7 /* nivel.png */ = {isa = PBXFileReference; lastKnownFileType = image.png; path = nivel.png; sourceTree = "<group>"; };
		41B788EC1C8F349F001F6E4F /* LogoPrincipal.png */ = {isa = PBXFileReference; lastKnownFileType = image.png; path = LogoPrincipal.png; sourceTree = "<group>"; };
		41FE66501C8E4F390052A48E /* CODEPROYECTO2016.app */ = {isa = PBXFileReference; explicitFileType = wrapper.application; includeInIndex = 0; path = CODEPROYECTO2016.app; sourceTree = BUILT_PRODUCTS_DIR; };
		41FE66541C8E4F390052A48E /* main.m */ = {isa = PBXFileReference; lastKnownFileType = sourcecode.c.objc; path = main.m; sourceTree = "<group>"; };
		41FE66561C8E4F390052A48E /* AppDelegate.h */ = {isa = PBXFileReference; lastKnownFileType = sourcecode.c.h; path = AppDelegate.h; sourceTree = "<group>"; };
		41FE66571C8E4F390052A48E /* AppDelegate.m */ = {isa = PBXFileReference; lastKnownFileType = sourcecode.c.objc; path = AppDelegate.m; sourceTree = "<group>"; };
		41FE665D1C8E4F390052A48E /* Base */ = {isa = PBXFileReference; lastKnownFileType = file.storyboard; name = Base; path = Base.lproj/Main.storyboard; sourceTree = "<group>"; };
		41FE665F1C8E4F390052A48E /* Assets.xcassets */ = {isa = PBXFileReference; lastKnownFileType = folder.assetcatalog; path = Assets.xcassets; sourceTree = "<group>"; };
		41FE66621C8E4F390052A48E /* Base */ = {isa = PBXFileReference; lastKnownFileType = file.storyboard; name = Base; path = Base.lproj/LaunchScreen.storyboard; sourceTree = "<group>"; };
		41FE66641C8E4F390052A48E /* Info.plist */ = {isa = PBXFileReference; lastKnownFileType = text.plist.xml; path = Info.plist; sourceTree = "<group>"; };
		41FE66691C8E4F390052A48E /* CODEPROYECTO2016Tests.xctest */ = {isa = PBXFileReference; explicitFileType = wrapper.cfbundle; includeInIndex = 0; path = CODEPROYECTO2016Tests.xctest; sourceTree = BUILT_PRODUCTS_DIR; };
		41FE666D1C8E4F390052A48E /* CODEPROYECTO2016Tests.m */ = {isa = PBXFileReference; lastKnownFileType = sourcecode.c.objc; path = CODEPROYECTO2016Tests.m; sourceTree = "<group>"; };
		41FE666F1C8E4F390052A48E /* Info.plist */ = {isa = PBXFileReference; lastKnownFileType = text.plist.xml; path = Info.plist; sourceTree = "<group>"; };
		41FE66741C8E4F390052A48E /* CODEPROYECTO2016UITests.xctest */ = {isa = PBXFileReference; explicitFileType = wrapper.cfbundle; includeInIndex = 0; path = CODEPROYECTO2016UITests.xctest; sourceTree = BUILT_PRODUCTS_DIR; };
		41FE66781C8E4F390052A48E /* CODEPROYECTO2016UITests.m */ = {isa = PBXFileReference; lastKnownFileType = sourcecode.c.objc; path = CODEPROYECTO2016UITests.m; sourceTree = "<group>"; };
		41FE667A1C8E4F390052A48E /* Info.plist */ = {isa = PBXFileReference; lastKnownFileType = text.plist.xml; path = Info.plist; sourceTree = "<group>"; };
		522082F51C8F92B60080F816 /* boy-512.png */ = {isa = PBXFileReference; lastKnownFileType = image.png; path = "boy-512.png"; sourceTree = "<group>"; };
		522082F71C90CBF50080F816 /* bascula.png */ = {isa = PBXFileReference; lastKnownFileType = image.png; path = bascula.png; sourceTree = "<group>"; };
		522082F91C90E4590080F816 /* EventKitUI.framework */ = {isa = PBXFileReference; lastKnownFileType = wrapper.framework; name = EventKitUI.framework; path = System/Library/Frameworks/EventKitUI.framework; sourceTree = SDKROOT; };
/* End PBXFileReference section */

/* Begin PBXFrameworksBuildPhase section */
		41FE664D1C8E4F390052A48E /* Frameworks */ = {
			isa = PBXFrameworksBuildPhase;
			buildActionMask = 2147483647;
			files = (
				522082FA1C90E4590080F816 /* EventKitUI.framework in Frameworks */,
				416B0A0D1C9376F8009FD48D /* HealthKit.framework in Frameworks */,
			);
			runOnlyForDeploymentPostprocessing = 0;
		};
		41FE66661C8E4F390052A48E /* Frameworks */ = {
			isa = PBXFrameworksBuildPhase;
			buildActionMask = 2147483647;
			files = (
			);
			runOnlyForDeploymentPostprocessing = 0;
		};
		41FE66711C8E4F390052A48E /* Frameworks */ = {
			isa = PBXFrameworksBuildPhase;
			buildActionMask = 2147483647;
			files = (
			);
			runOnlyForDeploymentPostprocessing = 0;
		};
/* End PBXFrameworksBuildPhase section */

/* Begin PBXGroup section */
		4114CE0D1C8F47F900A6FEC3 /* imagenes */ = {
			isa = PBXGroup;
			children = (
				416B0A0A1C936A00009FD48D /* 142195-640.png */,
				416B0A081C935127009FD48D /* max_galeria_001@2x.jpg */,
				416B09E01C932431009FD48D /* ham_and_egg_sandwich.jpg */,
				416B09E11C932431009FD48D /* green_tea.jpg */,
				416B09E21C932431009FD48D /* full_breakfast.jpg */,
				416B09E31C932431009FD48D /* white_chocolate_donut.jpg */,
				416B09E41C932431009FD48D /* noodle_with_bbq_pork.jpg */,
				416B09E51C932431009FD48D /* instant_noodle_with_egg.jpg */,
				416B09E61C932431009FD48D /* thai_shrimp_cake.jpg */,
				416B09E71C932431009FD48D /* angry_birds_cake.jpg */,
				416B09E81C932431009FD48D /* mushroom_risotto.jpg */,
				416B09E91C932431009FD48D /* vegetable_curry.jpg */,
				416B09EA1C932431009FD48D /* japanese_noodle_with_pork.jpg */,
				416B09EB1C932431009FD48D /* starbucks_coffee.jpg */,
				416B09EC1C932431009FD48D /* egg_benedict.jpg */,
				416B09ED1C932431009FD48D /* ham_and_cheese_panini.jpg */,
				416B09EE1C932431009FD48D /* hamburger.jpg */,
				416B09EF1C932431009FD48D /* creme_brelee.jpg */,
				416B09D71C931ACF009FD48D /* rutina_galeria_000.png */,
				416B09D81C931ACF009FD48D /* rutina_galeria_001.png */,
				416B09D91C931ACF009FD48D /* rutina_galeria_002.png */,
				41169EE01C920BF00038FDDB /* retos.png */,
				41169EDE1C92040E0038FDDB /* contador.png */,
				41169EDC1C9203BE0038FDDB /* retos.png */,
				41169EDA1C9203750038FDDB /* configuracion.png */,
				41169ED81C9202C40038FDDB /* calendario.png */,
				41169ED61C9202900038FDDB /* alarma.png */,
				41169ED51C9202300038FDDB /* menu */,
				41169ED01C91FB350038FDDB /* nina */,
				41169EBA1C91DB5F0038FDDB /* nivel3gris.png */,
				41169EBB1C91DB5F0038FDDB /* nivel2-rosa.png */,
				41169EBC1C91DB5F0038FDDB /* nivel1-rosa.png */,
				41169EBD1C91DB5F0038FDDB /* nivel3-rosa.png */,
				41169EBE1C91DB5F0038FDDB /* nivel3.png */,
				41169EBF1C91DB5F0038FDDB /* nivel2gris.png */,
				41169EC01C91DB5F0038FDDB /* nivel2.png */,
				41169EC11C91DB5F0038FDDB /* nivel.png */,
				41169EC21C91DB5F0038FDDB /* vVacio.png */,
				41169EC31C91DB5F0038FDDB /* vasoss.jpg */,
				41169EC41C91DB5F0038FDDB /* vlleno.png */,
				41A8FDB51C909DD600F59FE7 /* Estrella.png */,
				41A8FDB31C908FE500F59FE7 /* completado.png */,
				41A8FDB11C908B8000F59FE7 /* plato.png */,
				41A8FDAA1C907A1D00F59FE7 /* notifications.png */,
				41A8FDA81C9079FE00F59FE7 /* video.png */,
				41A8FDA61C9079DD00F59FE7 /* man-cycling.png */,
				41A8FDA41C9079BD00F59FE7 /* platolleno - copia.png */,
				41A8FDA21C9079B200F59FE7 /* platolleno.png */,
				41A8FDA01C9079A400F59FE7 /* bicicletacartel.png */,
				522082F51C8F92B60080F816 /* boy-512.png */,
				522082F71C90CBF50080F816 /* bascula.png */,
				4114CE061C8F47F000A6FEC3 /* salud.png */,
			);
			name = imagenes;
			sourceTree = "<group>";
		};
		41169ED01C91FB350038FDDB /* nina */ = {
			isa = PBXGroup;
			children = (
				41169ED31C9202040038FDDB /* nina.png */,
			);
			name = nina;
			sourceTree = "<group>";
		};
		41169ED51C9202300038FDDB /* menu */ = {
			isa = PBXGroup;
			children = (
			);
			name = menu;
			sourceTree = "<group>";
		};
		4177E5431C92123A000A4191 /* Recursos */ = {
			isa = PBXGroup;
			children = (
			);
			name = Recursos;
			sourceTree = "<group>";
		};
		41FE66471C8E4F390052A48E = {
			isa = PBXGroup;
			children = (
				416B0A0C1C9376F8009FD48D /* HealthKit.framework */,
				416B0A021C932BE1009FD48D /* recipes.plist */,
				522082F91C90E4590080F816 /* EventKitUI.framework */,
				4114CE0D1C8F47F900A6FEC3 /* imagenes */,
				41FE66521C8E4F390052A48E /* CODEPROYECTO2016 */,
				41FE666C1C8E4F390052A48E /* CODEPROYECTO2016Tests */,
				41FE66771C8E4F390052A48E /* CODEPROYECTO2016UITests */,
				41FE66511C8E4F390052A48E /* Products */,
				4177E5431C92123A000A4191 /* Recursos */,
			);
			sourceTree = "<group>";
		};
		41FE66511C8E4F390052A48E /* Products */ = {
			isa = PBXGroup;
			children = (
				41FE66501C8E4F390052A48E /* CODEPROYECTO2016.app */,
				41FE66691C8E4F390052A48E /* CODEPROYECTO2016Tests.xctest */,
				41FE66741C8E4F390052A48E /* CODEPROYECTO2016UITests.xctest */,
			);
			name = Products;
			sourceTree = "<group>";
		};
		41FE66521C8E4F390052A48E /* CODEPROYECTO2016 */ = {
			isa = PBXGroup;
			children = (
				416B0A0E1C9376F8009FD48D /* CODEPROYECTO2016.entitlements */,
				41A8FDAF1C907D0800F59FE7 /* ConfigurationViewController.m */,
				41A8FDAE1C907CF500F59FE7 /* ConfigurationViewController.h */,
				4177E5471C9229D2000A4191 /* APRoundButton.h */,
				4177E5481C9229D2000A4191 /* APRoundButton.m */,
				4158AC0E1C8F525C0021FA62 /* AlarmaViewController.h */,
				4177E5441C9213A9000A4191 /* BackgroundLayer.h */,
				4177E5451C9213A9000A4191 /* BackgroundLayer.m */,
				4158AC0F1C8F525C0021FA62 /* AlarmaViewController.m */,
				4114CDFC1C8F353F00A6FEC3 /* ViewController.h */,
				4114CDFD1C8F353F00A6FEC3 /* ViewController.m */,
				415B577D1C8F83D500BC6558 /* CronoTableViewController.h */,
				415B577E1C8F83D500BC6558 /* CronoTableViewController.m */,
				416B09DD1C932422009FD48D /* SimpleTableViewController.h */,
				416B09DE1C932422009FD48D /* SimpleTableViewController.m */,
				416B0A051C934EDD009FD48D /* DetalleGaleriaViewController.h */,
				416B0A061C934EDD009FD48D /* DetalleGaleriaViewController.m */,
				416B0A001C9329FD009FD48D /* recipes.plist */,
				41B788EC1C8F349F001F6E4F /* LogoPrincipal.png */,
				41FE66561C8E4F390052A48E /* AppDelegate.h */,
				41FE66571C8E4F390052A48E /* AppDelegate.m */,
				41FE665C1C8E4F390052A48E /* Main.storyboard */,
				41FE665F1C8E4F390052A48E /* Assets.xcassets */,
				41FE66611C8E4F390052A48E /* LaunchScreen.storyboard */,
				416B0A031C934E81009FD48D /* DetalleGaleriaViewController.xib */,
				41FE66641C8E4F390052A48E /* Info.plist */,
				41FE66531C8E4F390052A48E /* Supporting Files */,
			);
			path = CODEPROYECTO2016;
			sourceTree = "<group>";
		};
		41FE66531C8E4F390052A48E /* Supporting Files */ = {
			isa = PBXGroup;
			children = (
				4114CDFF1C8F366600A6FEC3 /* LogoPrincipal.png */,
				41FE66541C8E4F390052A48E /* main.m */,
			);
			name = "Supporting Files";
			sourceTree = "<group>";
		};
		41FE666C1C8E4F390052A48E /* CODEPROYECTO2016Tests */ = {
			isa = PBXGroup;
			children = (
				41FE666D1C8E4F390052A48E /* CODEPROYECTO2016Tests.m */,
				41FE666F1C8E4F390052A48E /* Info.plist */,
			);
			path = CODEPROYECTO2016Tests;
			sourceTree = "<group>";
		};
		41FE66771C8E4F390052A48E /* CODEPROYECTO2016UITests */ = {
			isa = PBXGroup;
			children = (
				41FE66781C8E4F390052A48E /* CODEPROYECTO2016UITests.m */,
				41FE667A1C8E4F390052A48E /* Info.plist */,
			);
			path = CODEPROYECTO2016UITests;
			sourceTree = "<group>";
		};
/* End PBXGroup section */

/* Begin PBXNativeTarget section */
		41FE664F1C8E4F390052A48E /* CODEPROYECTO2016 */ = {
			isa = PBXNativeTarget;
			buildConfigurationList = 41FE667D1C8E4F390052A48E /* Build configuration list for PBXNativeTarget "CODEPROYECTO2016" */;
			buildPhases = (
				41FE664C1C8E4F390052A48E /* Sources */,
				41FE664D1C8E4F390052A48E /* Frameworks */,
				41FE664E1C8E4F390052A48E /* Resources */,
			);
			buildRules = (
			);
			dependencies = (
			);
			name = CODEPROYECTO2016;
			productName = CODEPROYECTO2016;
			productReference = 41FE66501C8E4F390052A48E /* CODEPROYECTO2016.app */;
			productType = "com.apple.product-type.application";
		};
		41FE66681C8E4F390052A48E /* CODEPROYECTO2016Tests */ = {
			isa = PBXNativeTarget;
			buildConfigurationList = 41FE66801C8E4F390052A48E /* Build configuration list for PBXNativeTarget "CODEPROYECTO2016Tests" */;
			buildPhases = (
				41FE66651C8E4F390052A48E /* Sources */,
				41FE66661C8E4F390052A48E /* Frameworks */,
				41FE66671C8E4F390052A48E /* Resources */,
			);
			buildRules = (
			);
			dependencies = (
				41FE666B1C8E4F390052A48E /* PBXTargetDependency */,
			);
			name = CODEPROYECTO2016Tests;
			productName = CODEPROYECTO2016Tests;
			productReference = 41FE66691C8E4F390052A48E /* CODEPROYECTO2016Tests.xctest */;
			productType = "com.apple.product-type.bundle.unit-test";
		};
		41FE66731C8E4F390052A48E /* CODEPROYECTO2016UITests */ = {
			isa = PBXNativeTarget;
			buildConfigurationList = 41FE66831C8E4F390052A48E /* Build configuration list for PBXNativeTarget "CODEPROYECTO2016UITests" */;
			buildPhases = (
				41FE66701C8E4F390052A48E /* Sources */,
				41FE66711C8E4F390052A48E /* Frameworks */,
				41FE66721C8E4F390052A48E /* Resources */,
			);
			buildRules = (
			);
			dependencies = (
				41FE66761C8E4F390052A48E /* PBXTargetDependency */,
			);
			name = CODEPROYECTO2016UITests;
			productName = CODEPROYECTO2016UITests;
			productReference = 41FE66741C8E4F390052A48E /* CODEPROYECTO2016UITests.xctest */;
			productType = "com.apple.product-type.bundle.ui-testing";
		};
/* End PBXNativeTarget section */

/* Begin PBXProject section */
		41FE66481C8E4F390052A48E /* Project object */ = {
			isa = PBXProject;
			attributes = {
				LastUpgradeCheck = 0730;
				ORGANIZATIONNAME = CADES;
				TargetAttributes = {
					41FE664F1C8E4F390052A48E = {
						CreatedOnToolsVersion = 7.3;
						DevelopmentTeam = 268B6KGY2Z;
						SystemCapabilities = {
							com.apple.HealthKit = {
								enabled = 1;
							};
						};
					};
					41FE66681C8E4F390052A48E = {
						CreatedOnToolsVersion = 7.3;
						DevelopmentTeam = 268B6KGY2Z;
						TestTargetID = 41FE664F1C8E4F390052A48E;
					};
					41FE66731C8E4F390052A48E = {
						CreatedOnToolsVersion = 7.3;
						DevelopmentTeam = 268B6KGY2Z;
						TestTargetID = 41FE664F1C8E4F390052A48E;
					};
				};
			};
			buildConfigurationList = 41FE664B1C8E4F390052A48E /* Build configuration list for PBXProject "CODEPROYECTO2016" */;
			compatibilityVersion = "Xcode 3.2";
			developmentRegion = English;
			hasScannedForEncodings = 0;
			knownRegions = (
				en,
				Base,
			);
			mainGroup = 41FE66471C8E4F390052A48E;
			productRefGroup = 41FE66511C8E4F390052A48E /* Products */;
			projectDirPath = "";
			projectRoot = "";
			targets = (
				41FE664F1C8E4F390052A48E /* CODEPROYECTO2016 */,
				41FE66681C8E4F390052A48E /* CODEPROYECTO2016Tests */,
				41FE66731C8E4F390052A48E /* CODEPROYECTO2016UITests */,
			);
		};
/* End PBXProject section */

/* Begin PBXResourcesBuildPhase section */
		41FE664E1C8E4F390052A48E /* Resources */ = {
			isa = PBXResourcesBuildPhase;
			buildActionMask = 2147483647;
			files = (
				416B0A011C9329FD009FD48D /* recipes.plist in Resources */,
				41A8FDC71C90D36100F59FE7 /* nivel2-rosa.png in Resources */,
				416B09F91C932431009FD48D /* vegetable_curry.jpg in Resources */,
				41A8FDB41C908FE500F59FE7 /* completado.png in Resources */,
				4177E5401C920093000A4191 /* IntroBook.otf in Resources */,
				41FE66631C8E4F390052A48E /* LaunchScreen.storyboard in Resources */,
				41A8FDCA1C90D36100F59FE7 /* nivel3.png in Resources */,
				41169ECF1C91DB5F0038FDDB /* vlleno.png in Resources */,
				41FE66601C8E4F390052A48E /* Assets.xcassets in Resources */,
				4177E53E1C920093000A4191 /* IntroBold.otf in Resources */,
				41A8FDA71C9079DD00F59FE7 /* man-cycling.png in Resources */,
				41A8FDC91C90D36100F59FE7 /* nivel3-rosa.png in Resources */,
				416B09F51C932431009FD48D /* instant_noodle_with_egg.jpg in Resources */,
				4114CE0C1C8F47F000A6FEC3 /* salud.png in Resources */,
				416B0A0B1C936A00009FD48D /* 142195-640.png in Resources */,
				416B09F31C932431009FD48D /* white_chocolate_donut.jpg in Resources */,
				522082F81C90CBF50080F816 /* bascula.png in Resources */,
				41169ECB1C91DB5F0038FDDB /* nivel2.png in Resources */,
				41169ED41C9202040038FDDB /* nina.png in Resources */,
				41169EE11C920BF00038FDDB /* retos.png in Resources */,
				522082F61C8F92B60080F816 /* boy-512.png in Resources */,
				41A8FDCB1C90D36100F59FE7 /* nivel2gris.png in Resources */,
				416B09FE1C932431009FD48D /* hamburger.jpg in Resources */,
				41169ECC1C91DB5F0038FDDB /* nivel.png in Resources */,
				416B0A091C935127009FD48D /* max_galeria_001@2x.jpg in Resources */,
				416B09FC1C932431009FD48D /* egg_benedict.jpg in Resources */,
				41169ED91C9202C40038FDDB /* calendario.png in Resources */,
				41169EC91C91DB5F0038FDDB /* nivel3.png in Resources */,
				41A8FDCC1C90D36100F59FE7 /* nivel2.png in Resources */,
				41A8FDB61C909DD600F59FE7 /* Estrella.png in Resources */,
				41FE665E1C8E4F390052A48E /* Main.storyboard in Resources */,
				41A8FDAB1C907A1D00F59FE7 /* notifications.png in Resources */,
				4114CE001C8F366600A6FEC3 /* LogoPrincipal.png in Resources */,
				416B09FB1C932431009FD48D /* starbucks_coffee.jpg in Resources */,
				41169ECE1C91DB5F0038FDDB /* vasoss.jpg in Resources */,
				41A8FDB21C908B8000F59FE7 /* plato.png in Resources */,
				41B788ED1C8F349F001F6E4F /* LogoPrincipal.png in Resources */,
				41A8FDA31C9079B200F59FE7 /* platolleno.png in Resources */,
				416B0A041C934E81009FD48D /* DetalleGaleriaViewController.xib in Resources */,
				41169EC71C91DB5F0038FDDB /* nivel1-rosa.png in Resources */,
				41169EDF1C92040E0038FDDB /* contador.png in Resources */,
				416B09FF1C932431009FD48D /* creme_brelee.jpg in Resources */,
				416B09F61C932431009FD48D /* thai_shrimp_cake.jpg in Resources */,
				416B09DA1C931ACF009FD48D /* rutina_galeria_000.png in Resources */,
				416B09F81C932431009FD48D /* mushroom_risotto.jpg in Resources */,
				41169EC81C91DB5F0038FDDB /* nivel3-rosa.png in Resources */,
				41169EDD1C9203BE0038FDDB /* retos.png in Resources */,
				41169ECD1C91DB5F0038FDDB /* vVacio.png in Resources */,
				41A8FDC81C90D36100F59FE7 /* nivel1-rosa.png in Resources */,
				41A8FDA51C9079BD00F59FE7 /* platolleno - copia.png in Resources */,
				41169EDB1C9203750038FDDB /* configuracion.png in Resources */,
				41A8FDC61C90D36100F59FE7 /* nivel3gris.png in Resources */,
				416B09DB1C931ACF009FD48D /* rutina_galeria_001.png in Resources */,
				41169ECA1C91DB5F0038FDDB /* nivel2gris.png in Resources */,
				41169ED71C9202900038FDDB /* alarma.png in Resources */,
				416B09F11C932431009FD48D /* green_tea.jpg in Resources */,
				416B09FA1C932431009FD48D /* japanese_noodle_with_pork.jpg in Resources */,
				416B09DC1C931ACF009FD48D /* rutina_galeria_002.png in Resources */,
				41A8FDBC1C90CAD000F59FE7 /* vVacio.png in Resources */,
				416B09F21C932431009FD48D /* full_breakfast.jpg in Resources */,
				416B09FD1C932431009FD48D /* ham_and_cheese_panini.jpg in Resources */,
				41A8FDCD1C90D36100F59FE7 /* nivel.png in Resources */,
				416B09F71C932431009FD48D /* angry_birds_cake.jpg in Resources */,
				41169EC61C91DB5F0038FDDB /* nivel2-rosa.png in Resources */,
				41A8FDB81C90C93200F59FE7 /* vasoss.jpg in Resources */,
				41169EC51C91DB5F0038FDDB /* nivel3gris.png in Resources */,
				41A8FDBA1C90CAC900F59FE7 /* vlleno.png in Resources */,
				416B09F01C932431009FD48D /* ham_and_egg_sandwich.jpg in Resources */,
				41A8FDA11C9079A400F59FE7 /* bicicletacartel.png in Resources */,
				416B09F41C932431009FD48D /* noodle_with_bbq_pork.jpg in Resources */,
				4177E53F1C920093000A4191 /* introbold.ttf in Resources */,
				41A8FDA91C9079FE00F59FE7 /* video.png in Resources */,
			);
			runOnlyForDeploymentPostprocessing = 0;
		};
		41FE66671C8E4F390052A48E /* Resources */ = {
			isa = PBXResourcesBuildPhase;
			buildActionMask = 2147483647;
			files = (
			);
			runOnlyForDeploymentPostprocessing = 0;
		};
		41FE66721C8E4F390052A48E /* Resources */ = {
			isa = PBXResourcesBuildPhase;
			buildActionMask = 2147483647;
			files = (
			);
			runOnlyForDeploymentPostprocessing = 0;
		};
/* End PBXResourcesBuildPhase section */

/* Begin PBXSourcesBuildPhase section */
		41FE664C1C8E4F390052A48E /* Sources */ = {
			isa = PBXSourcesBuildPhase;
			buildActionMask = 2147483647;
			files = (
				416B0A071C934EDD009FD48D /* DetalleGaleriaViewController.m in Sources */,
				4177E5491C9229D2000A4191 /* APRoundButton.h in Sources */,
				4177E54A1C9229D2000A4191 /* APRoundButton.m in Sources */,
				4114CDFE1C8F353F00A6FEC3 /* ViewController.m in Sources */,
				4177E5461C9213A9000A4191 /* BackgroundLayer.m in Sources */,
				41FE66581C8E4F390052A48E /* AppDelegate.m in Sources */,
				4158AC101C8F525C0021FA62 /* AlarmaViewController.m in Sources */,
				41FE66551C8E4F390052A48E /* main.m in Sources */,
				416B09DF1C932422009FD48D /* SimpleTableViewController.m in Sources */,
				415B577F1C8F83D500BC6558 /* CronoTableViewController.m in Sources */,
				41A8FDB01C907D0800F59FE7 /* ConfigurationViewController.m in Sources */,
			);
			runOnlyForDeploymentPostprocessing = 0;
		};
		41FE66651C8E4F390052A48E /* Sources */ = {
			isa = PBXSourcesBuildPhase;
			buildActionMask = 2147483647;
			files = (
				41FE666E1C8E4F390052A48E /* CODEPROYECTO2016Tests.m in Sources */,
			);
			runOnlyForDeploymentPostprocessing = 0;
		};
		41FE66701C8E4F390052A48E /* Sources */ = {
			isa = PBXSourcesBuildPhase;
			buildActionMask = 2147483647;
			files = (
				41FE66791C8E4F390052A48E /* CODEPROYECTO2016UITests.m in Sources */,
			);
			runOnlyForDeploymentPostprocessing = 0;
		};
/* End PBXSourcesBuildPhase section */

/* Begin PBXTargetDependency section */
		41FE666B1C8E4F390052A48E /* PBXTargetDependency */ = {
			isa = PBXTargetDependency;
			target = 41FE664F1C8E4F390052A48E /* CODEPROYECTO2016 */;
			targetProxy = 41FE666A1C8E4F390052A48E /* PBXContainerItemProxy */;
		};
		41FE66761C8E4F390052A48E /* PBXTargetDependency */ = {
			isa = PBXTargetDependency;
			target = 41FE664F1C8E4F390052A48E /* CODEPROYECTO2016 */;
			targetProxy = 41FE66751C8E4F390052A48E /* PBXContainerItemProxy */;
		};
/* End PBXTargetDependency section */

/* Begin PBXVariantGroup section */
		41FE665C1C8E4F390052A48E /* Main.storyboard */ = {
			isa = PBXVariantGroup;
			children = (
				41FE665D1C8E4F390052A48E /* Base */,
			);
			name = Main.storyboard;
			sourceTree = "<group>";
		};
		41FE66611C8E4F390052A48E /* LaunchScreen.storyboard */ = {
			isa = PBXVariantGroup;
			children = (
				41FE66621C8E4F390052A48E /* Base */,
			);
			name = LaunchScreen.storyboard;
			sourceTree = "<group>";
		};
/* End PBXVariantGroup section */

/* Begin XCBuildConfiguration section */
		41FE667B1C8E4F390052A48E /* Debug */ = {
			isa = XCBuildConfiguration;
			buildSettings = {
				ALWAYS_SEARCH_USER_PATHS = NO;
				CLANG_ANALYZER_NONNULL = YES;
				CLANG_CXX_LANGUAGE_STANDARD = "gnu++0x";
				CLANG_CXX_LIBRARY = "libc++";
				CLANG_ENABLE_MODULES = YES;
				CLANG_ENABLE_OBJC_ARC = YES;
				CLANG_WARN_BOOL_CONVERSION = YES;
				CLANG_WARN_CONSTANT_CONVERSION = YES;
				CLANG_WARN_DIRECT_OBJC_ISA_USAGE = YES_ERROR;
				CLANG_WARN_EMPTY_BODY = YES;
				CLANG_WARN_ENUM_CONVERSION = YES;
				CLANG_WARN_INT_CONVERSION = YES;
				CLANG_WARN_OBJC_ROOT_CLASS = YES_ERROR;
				CLANG_WARN_UNREACHABLE_CODE = YES;
				CLANG_WARN__DUPLICATE_METHOD_MATCH = YES;
				"CODE_SIGN_IDENTITY[sdk=iphoneos*]" = "iPhone Developer";
				COPY_PHASE_STRIP = NO;
				DEBUG_INFORMATION_FORMAT = dwarf;
				ENABLE_STRICT_OBJC_MSGSEND = YES;
				ENABLE_TESTABILITY = YES;
				GCC_C_LANGUAGE_STANDARD = gnu99;
				GCC_DYNAMIC_NO_PIC = NO;
				GCC_NO_COMMON_BLOCKS = YES;
				GCC_OPTIMIZATION_LEVEL = 0;
				GCC_PREPROCESSOR_DEFINITIONS = (
					"DEBUG=1",
					"$(inherited)",
				);
				GCC_WARN_64_TO_32_BIT_CONVERSION = YES;
				GCC_WARN_ABOUT_RETURN_TYPE = YES_ERROR;
				GCC_WARN_UNDECLARED_SELECTOR = YES;
				GCC_WARN_UNINITIALIZED_AUTOS = YES_AGGRESSIVE;
				GCC_WARN_UNUSED_FUNCTION = YES;
				GCC_WARN_UNUSED_VARIABLE = YES;
				IPHONEOS_DEPLOYMENT_TARGET = 9.3;
				MTL_ENABLE_DEBUG_INFO = YES;
				ONLY_ACTIVE_ARCH = YES;
				SDKROOT = iphoneos;
				TARGETED_DEVICE_FAMILY = "1,2";
			};
			name = Debug;
		};
		41FE667C1C8E4F390052A48E /* Release */ = {
			isa = XCBuildConfiguration;
			buildSettings = {
				ALWAYS_SEARCH_USER_PATHS = NO;
				CLANG_ANALYZER_NONNULL = YES;
				CLANG_CXX_LANGUAGE_STANDARD = "gnu++0x";
				CLANG_CXX_LIBRARY = "libc++";
				CLANG_ENABLE_MODULES = YES;
				CLANG_ENABLE_OBJC_ARC = YES;
				CLANG_WARN_BOOL_CONVERSION = YES;
				CLANG_WARN_CONSTANT_CONVERSION = YES;
				CLANG_WARN_DIRECT_OBJC_ISA_USAGE = YES_ERROR;
				CLANG_WARN_EMPTY_BODY = YES;
				CLANG_WARN_ENUM_CONVERSION = YES;
				CLANG_WARN_INT_CONVERSION = YES;
				CLANG_WARN_OBJC_ROOT_CLASS = YES_ERROR;
				CLANG_WARN_UNREACHABLE_CODE = YES;
				CLANG_WARN__DUPLICATE_METHOD_MATCH = YES;
				"CODE_SIGN_IDENTITY[sdk=iphoneos*]" = "iPhone Developer";
				COPY_PHASE_STRIP = NO;
				DEBUG_INFORMATION_FORMAT = "dwarf-with-dsym";
				ENABLE_NS_ASSERTIONS = NO;
				ENABLE_STRICT_OBJC_MSGSEND = YES;
				GCC_C_LANGUAGE_STANDARD = gnu99;
				GCC_NO_COMMON_BLOCKS = YES;
				GCC_WARN_64_TO_32_BIT_CONVERSION = YES;
				GCC_WARN_ABOUT_RETURN_TYPE = YES_ERROR;
				GCC_WARN_UNDECLARED_SELECTOR = YES;
				GCC_WARN_UNINITIALIZED_AUTOS = YES_AGGRESSIVE;
				GCC_WARN_UNUSED_FUNCTION = YES;
				GCC_WARN_UNUSED_VARIABLE = YES;
				IPHONEOS_DEPLOYMENT_TARGET = 9.3;
				MTL_ENABLE_DEBUG_INFO = NO;
				SDKROOT = iphoneos;
				TARGETED_DEVICE_FAMILY = "1,2";
				VALIDATE_PRODUCT = YES;
			};
			name = Release;
		};
		41FE667E1C8E4F390052A48E /* Debug */ = {
			isa = XCBuildConfiguration;
			buildSettings = {
				ASSETCATALOG_COMPILER_APPICON_NAME = AppIcon;
				CODE_SIGN_ENTITLEMENTS = CODEPROYECTO2016/CODEPROYECTO2016.entitlements;
				INFOPLIST_FILE = CODEPROYECTO2016/Info.plist;
				IPHONEOS_DEPLOYMENT_TARGET = 9.1;
				LD_RUNPATH_SEARCH_PATHS = "$(inherited) @executable_path/Frameworks";
				PRODUCT_BUNDLE_IDENTIFIER = CADES.CODEPROYECTO2016;
				PRODUCT_NAME = "$(TARGET_NAME)";
			};
			name = Debug;
		};
		41FE667F1C8E4F390052A48E /* Release */ = {
			isa = XCBuildConfiguration;
			buildSettings = {
				ASSETCATALOG_COMPILER_APPICON_NAME = AppIcon;
				CODE_SIGN_ENTITLEMENTS = CODEPROYECTO2016/CODEPROYECTO2016.entitlements;
				INFOPLIST_FILE = CODEPROYECTO2016/Info.plist;
				IPHONEOS_DEPLOYMENT_TARGET = 9.1;
				LD_RUNPATH_SEARCH_PATHS = "$(inherited) @executable_path/Frameworks";
				PRODUCT_BUNDLE_IDENTIFIER = CADES.CODEPROYECTO2016;
				PRODUCT_NAME = "$(TARGET_NAME)";
			};
			name = Release;
		};
		41FE66811C8E4F390052A48E /* Debug */ = {
			isa = XCBuildConfiguration;
			buildSettings = {
				BUNDLE_LOADER = "$(TEST_HOST)";
				INFOPLIST_FILE = CODEPROYECTO2016Tests/Info.plist;
				LD_RUNPATH_SEARCH_PATHS = "$(inherited) @executable_path/Frameworks @loader_path/Frameworks";
				PRODUCT_BUNDLE_IDENTIFIER = CADES.CODEPROYECTO2016Tests;
				PRODUCT_NAME = "$(TARGET_NAME)";
				TEST_HOST = "$(BUILT_PRODUCTS_DIR)/CODEPROYECTO2016.app/CODEPROYECTO2016";
			};
			name = Debug;
		};
		41FE66821C8E4F390052A48E /* Release */ = {
			isa = XCBuildConfiguration;
			buildSettings = {
				BUNDLE_LOADER = "$(TEST_HOST)";
				INFOPLIST_FILE = CODEPROYECTO2016Tests/Info.plist;
				LD_RUNPATH_SEARCH_PATHS = "$(inherited) @executable_path/Frameworks @loader_path/Frameworks";
				PRODUCT_BUNDLE_IDENTIFIER = CADES.CODEPROYECTO2016Tests;
				PRODUCT_NAME = "$(TARGET_NAME)";
				TEST_HOST = "$(BUILT_PRODUCTS_DIR)/CODEPROYECTO2016.app/CODEPROYECTO2016";
			};
			name = Release;
		};
		41FE66841C8E4F390052A48E /* Debug */ = {
			isa = XCBuildConfiguration;
			buildSettings = {
				INFOPLIST_FILE = CODEPROYECTO2016UITests/Info.plist;
				LD_RUNPATH_SEARCH_PATHS = "$(inherited) @executable_path/Frameworks @loader_path/Frameworks";
				PRODUCT_BUNDLE_IDENTIFIER = CADES.CODEPROYECTO2016UITests;
				PRODUCT_NAME = "$(TARGET_NAME)";
				TEST_TARGET_NAME = CODEPROYECTO2016;
			};
			name = Debug;
		};
		41FE66851C8E4F390052A48E /* Release */ = {
			isa = XCBuildConfiguration;
			buildSettings = {
				INFOPLIST_FILE = CODEPROYECTO2016UITests/Info.plist;
				LD_RUNPATH_SEARCH_PATHS = "$(inherited) @executable_path/Frameworks @loader_path/Frameworks";
				PRODUCT_BUNDLE_IDENTIFIER = CADES.CODEPROYECTO2016UITests;
				PRODUCT_NAME = "$(TARGET_NAME)";
				TEST_TARGET_NAME = CODEPROYECTO2016;
			};
			name = Release;
		};
/* End XCBuildConfiguration section */

/* Begin XCConfigurationList section */
		41FE664B1C8E4F390052A48E /* Build configuration list for PBXProject "CODEPROYECTO2016" */ = {
			isa = XCConfigurationList;
			buildConfigurations = (
				41FE667B1C8E4F390052A48E /* Debug */,
				41FE667C1C8E4F390052A48E /* Release */,
			);
			defaultConfigurationIsVisible = 0;
			defaultConfigurationName = Release;
		};
		41FE667D1C8E4F390052A48E /* Build configuration list for PBXNativeTarget "CODEPROYECTO2016" */ = {
			isa = XCConfigurationList;
			buildConfigurations = (
				41FE667E1C8E4F390052A48E /* Debug */,
				41FE667F1C8E4F390052A48E /* Release */,
			);
			defaultConfigurationIsVisible = 0;
			defaultConfigurationName = Release;
		};
		41FE66801C8E4F390052A48E /* Build configuration list for PBXNativeTarget "CODEPROYECTO2016Tests" */ = {
			isa = XCConfigurationList;
			buildConfigurations = (
				41FE66811C8E4F390052A48E /* Debug */,
				41FE66821C8E4F390052A48E /* Release */,
			);
			defaultConfigurationIsVisible = 0;
			defaultConfigurationName = Release;
		};
		41FE66831C8E4F390052A48E /* Build configuration list for PBXNativeTarget "CODEPROYECTO2016UITests" */ = {
			isa = XCConfigurationList;
			buildConfigurations = (
				41FE66841C8E4F390052A48E /* Debug */,
				41FE66851C8E4F390052A48E /* Release */,
			);
			defaultConfigurationIsVisible = 0;
			defaultConfigurationName = Release;
		};
/* End XCConfigurationList section */
	};
	rootObject = 41FE66481C8E4F390052A48E /* Project object */;
}
